
Microsoft Visual Studio Solution File, Format Version 12.00
# Visual Studio Version 16
VisualStudioVersion = 16.0.31229.75
MinimumVisualStudioVersion = 10.0.40219.1
Project("{FAE04EC0-301F-11D3-BF4B-00C04F79EFBC}") = "EJ01", "EJ01\EJ01.csproj", "{85748FA6-2E09-41A3-91B9-FD423B5A5BA5}"
EndProject
Project("{FAE04EC0-301F-11D3-BF4B-00C04F79EFBC}") = "EJ02", "EJ02\EJ02.csproj", "{2EB719F1-14CB-46D8-848C-718AB7493A65}"
EndProject
Project("{FAE04EC0-301F-11D3-BF4B-00C04F79EFBC}") = "EJ03", "EJ03\EJ03.csproj", "{6C034938-9232-4D03-96FB-BC7447613B94}"
EndProject
Project("{FAE04EC0-301F-11D3-BF4B-00C04F79EFBC}") = "EJ04", "EJ04\EJ04.csproj", "{652BE5DF-D21E-459A-96AD-28C92F6E3F88}"
EndProject
Global
	GlobalSection(SolutionConfigurationPlatforms) = preSolution
		Debug|Any CPU = Debug|Any CPU
		Release|Any CPU = Release|Any CPU
	EndGlobalSection
	GlobalSection(ProjectConfigurationPlatforms) = postSolution
		{85748FA6-2E09-41A3-91B9-FD423B5A5BA5}.Debug|Any CPU.ActiveCfg = Debug|Any CPU
		{85748FA6-2E09-41A3-91B9-FD423B5A5BA5}.Debug|Any CPU.Build.0 = Debug|Any CPU
		{85748FA6-2E09-41A3-91B9-FD423B5A5BA5}.Release|Any CPU.ActiveCfg = Release|Any CPU
		{85748FA6-2E09-41A3-91B9-FD423B5A5BA5}.Release|Any CPU.Build.0 = Release|Any CPU
		{2EB719F1-14CB-46D8-848C-718AB7493A65}.Debug|Any CPU.ActiveCfg = Debug|Any CPU
		{2EB719F1-14CB-46D8-848C-718AB7493A65}.Debug|Any CPU.Build.0 = Debug|Any CPU
		{2EB719F1-14CB-46D8-848C-718AB7493A65}.Release|Any CPU.ActiveCfg = Release|Any CPU
		{2EB719F1-14CB-46D8-848C-718AB7493A65}.Release|Any CPU.Build.0 = Release|Any CPU
		{6C034938-9232-4D03-96FB-BC7447613B94}.Debug|Any CPU.ActiveCfg = Debug|Any CPU
		{6C034938-9232-4D03-96FB-BC7447613B94}.Debug|Any CPU.Build.0 = Debug|Any CPU
		{6C034938-9232-4D03-96FB-BC7447613B94}.Release|Any CPU.ActiveCfg = Release|Any CPU
		{6C034938-9232-4D03-96FB-BC7447613B94}.Release|Any CPU.Build.0 = Release|Any CPU
		{652BE5DF-D21E-459A-96AD-28C92F6E3F88}.Debug|Any CPU.ActiveCfg = Debug|Any CPU
		{652BE5DF-D21E-459A-96AD-28C92F6E3F88}.Debug|Any CPU.Build.0 = Debug|Any CPU
		{652BE5DF-D21E-459A-96AD-28C92F6E3F88}.Release|Any CPU.ActiveCfg = Release|Any CPU
		{652BE5DF-D21E-459A-96AD-28C92F6E3F88}.Release|Any CPU.Build.0 = Release|Any CPU
	EndGlobalSection
	GlobalSection(SolutionProperties) = preSolution
		HideSolutionNode = FALSE
	EndGlobalSection
	GlobalSection(ExtensibilityGlobals) = postSolution
		SolutionGuid = {2EDC7ECF-3E26-46FD-9014-5219AC014F66}
	EndGlobalSection
EndGlobal
