
Microsoft Visual Studio Solution File, Format Version 12.00
# Visual Studio 15
VisualStudioVersion = 15.0.28010.2050
MinimumVisualStudioVersion = 10.0.40219.1
Project("{FAE04EC0-301F-11D3-BF4B-00C04F79EFBC}") = "EJ01", "EJ01.csproj", "{57158A76-ADE5-4BD4-B67B-54074A46714E}"
EndProject
Global
	GlobalSection(SolutionConfigurationPlatforms) = preSolution
		Debug|Any CPU = Debug|Any CPU
		Release|Any CPU = Release|Any CPU
	EndGlobalSection
	GlobalSection(ProjectConfigurationPlatforms) = postSolution
		{57158A76-ADE5-4BD4-B67B-54074A46714E}.Debug|Any CPU.ActiveCfg = Debug|Any CPU
		{57158A76-ADE5-4BD4-B67B-54074A46714E}.Debug|Any CPU.Build.0 = Debug|Any CPU
		{57158A76-ADE5-4BD4-B67B-54074A46714E}.Release|Any CPU.ActiveCfg = Release|Any CPU
		{57158A76-ADE5-4BD4-B67B-54074A46714E}.Release|Any CPU.Build.0 = Release|Any CPU
	EndGlobalSection
	GlobalSection(SolutionProperties) = preSolution
		HideSolutionNode = FALSE
	EndGlobalSection
	GlobalSection(ExtensibilityGlobals) = postSolution
		SolutionGuid = {CF113A99-B8B6-4818-B848-767DC1A6362E}
	EndGlobalSection
EndGlobal
